Microsoft Visual Studio Solution File, Format Version 12.00
# Visual Studio Version 17
VisualStudioVersion = 17.5.2.0
MinimumVisualStudioVersion = 10.0.40219.1
Project("{FAE04EC0-301F-11D3-BF4B-00C04F79EFBC}") = "optimizely_headless", "optimizely_headless.csproj", "{6F33B306-B23A-36A7-9E4E-65AFC7FA886A}"
EndProject
Global
	GlobalSection(SolutionConfigurationPlatforms) = preSolution
		Debug|Any CPU = Debug|Any CPU
		Release|Any CPU = Release|Any CPU
	EndGlobalSection
	GlobalSection(ProjectConfigurationPlatforms) = postSolution
		{6F33B306-B23A-36A7-9E4E-65AFC7FA886A}.Debug|Any CPU.ActiveCfg = Debug|Any CPU
		{6F33B306-B23A-36A7-9E4E-65AFC7FA886A}.Debug|Any CPU.Build.0 = Debug|Any CPU
		{6F33B306-B23A-36A7-9E4E-65AFC7FA886A}.Release|Any CPU.ActiveCfg = Release|Any CPU
		{6F33B306-B23A-36A7-9E4E-65AFC7FA886A}.Release|Any CPU.Build.0 = Release|Any CPU
	EndGlobalSection
	GlobalSection(SolutionProperties) = preSolution
		HideSolutionNode = FALSE
	EndGlobalSection
	GlobalSection(ExtensibilityGlobals) = postSolution
		SolutionGuid = {6E5BFEE3-FAEC-4E8B-85D7-8F0C0F3D5D5D}
	EndGlobalSection
EndGlobal
